
Microsoft Visual Studio Solution File, Format Version 12.00
# Visual Studio Version 17
VisualStudioVersion = 17.2.32616.157
MinimumVisualStudioVersion = 10.0.40219.1
Project("{FAE04EC0-301F-11D3-BF4B-00C04F79EFBC}") = "WindowsFormsApp1.view", "WindowsFormsApp1.view\WindowsFormsApp1.view.csproj", "{61CCF2F2-2810-4112-AC87-46729E710AF4}"
EndProject
Project("{FAE04EC0-301F-11D3-BF4B-00C04F79EFBC}") = "ControleFinanceiro.model", "Programming\ControleFinanceiro.model.csproj", "{71D17C40-6197-4F9A-931B-43A41DBFC0BE}"
EndProject
Global
	GlobalSection(SolutionConfigurationPlatforms) = preSolution
		Debug|Any CPU = Debug|Any CPU
		Release|Any CPU = Release|Any CPU
	EndGlobalSection
	GlobalSection(ProjectConfigurationPlatforms) = postSolution
		{61CCF2F2-2810-4112-AC87-46729E710AF4}.Debug|Any CPU.ActiveCfg = Debug|Any CPU
		{61CCF2F2-2810-4112-AC87-46729E710AF4}.Debug|Any CPU.Build.0 = Debug|Any CPU
		{61CCF2F2-2810-4112-AC87-46729E710AF4}.Release|Any CPU.ActiveCfg = Release|Any CPU
		{61CCF2F2-2810-4112-AC87-46729E710AF4}.Release|Any CPU.Build.0 = Release|Any CPU
		{71D17C40-6197-4F9A-931B-43A41DBFC0BE}.Debug|Any CPU.ActiveCfg = Debug|Any CPU
		{71D17C40-6197-4F9A-931B-43A41DBFC0BE}.Debug|Any CPU.Build.0 = Debug|Any CPU
		{71D17C40-6197-4F9A-931B-43A41DBFC0BE}.Release|Any CPU.ActiveCfg = Release|Any CPU
		{71D17C40-6197-4F9A-931B-43A41DBFC0BE}.Release|Any CPU.Build.0 = Release|Any CPU
	EndGlobalSection
	GlobalSection(SolutionProperties) = preSolution
		HideSolutionNode = FALSE
	EndGlobalSection
	GlobalSection(ExtensibilityGlobals) = postSolution
		SolutionGuid = {A0057DF0-1567-4657-BFA3-98E581232748}
	EndGlobalSection
EndGlobal
